
Microsoft Visual Studio Solution File, Format Version 12.00
# Visual Studio Version 16
VisualStudioVersion = 16.0.32228.343
MinimumVisualStudioVersion = 10.0.40219.1
Project("{8BC9CEB8-8B4A-11D0-8D11-00A0C91BC942}") = "Sandbox", "Sandbox\Sandbox.vcxproj", "{ECC077B6-7653-403F-90CB-876FFC6AFD0B}"
EndProject
Project("{8BC9CEB8-8B4A-11D0-8D11-00A0C91BC942}") = "Engine", "Engine\Engine.vcxproj", "{E11880E9-32A9-4433-AC8A-C3A402ED1022}"
EndProject
Global
	GlobalSection(SolutionConfigurationPlatforms) = preSolution
		Debug|x64 = Debug|x64
		Release|x64 = Release|x64
	EndGlobalSection
	GlobalSection(ProjectConfigurationPlatforms) = postSolution
		{E11880E9-32A9-4433-AC8A-C3A402ED1022}.Debug|x64.ActiveCfg = Debug|x64
		{E11880E9-32A9-4433-AC8A-C3A402ED1022}.Debug|x64.Build.0 = Debug|x64
		{E11880E9-32A9-4433-AC8A-C3A402ED1022}.Release|x64.ActiveCfg = Release|x64
		{E11880E9-32A9-4433-AC8A-C3A402ED1022}.Release|x64.Build.0 = Release|x64
		{ECC077B6-7653-403F-90CB-876FFC6AFD0B}.Debug|x64.ActiveCfg = Debug|x64
		{ECC077B6-7653-403F-90CB-876FFC6AFD0B}.Debug|x64.Build.0 = Debug|x64
		{ECC077B6-7653-403F-90CB-876FFC6AFD0B}.Release|x64.ActiveCfg = Release|x64
		{ECC077B6-7653-403F-90CB-876FFC6AFD0B}.Release|x64.Build.0 = Release|x64
	EndGlobalSection
	GlobalSection(SolutionProperties) = preSolution
		HideSolutionNode = FALSE
	EndGlobalSection
	GlobalSection(ExtensibilityGlobals) = postSolution
		SolutionGuid = {F2AE2E24-BFD7-4FCF-A532-78F0BCBBFE7B}
	EndGlobalSection
EndGlobal
