<?xml version="1.0" encoding="utf-8"?>
<Project ToolsVersion="4.0" xmlns="http://schemas.microsoft.com/developer/msbuild/2003">
  <ItemGroup>
    <Filter Include="Core">
      <UniqueIdentifier>{2EB4837C-1AEB-840D-C3D7-6A10AFED000F}</UniqueIdentifier>
    </Filter>
  </ItemGroup>
  <ItemGroup>
    <ClInclude Include="src\Base\Application.h">
      <Filter>Core</Filter>
    </ClInclude>
    <ClInclude Include="src\Base\Core.h">
      <Filter>Core</Filter>
    </ClInclude>
    <ClInclude Include="src\Base\Entrypoint.h">
      <Filter>Core</Filter>
    </ClInclude>
    <ClInclude Include="src\Base\Log.h">
      <Filter>Core</Filter>
    </ClInclude>
    <ClInclude Include="src\Workbench.h" />
    <ClInclude Include="src\wbpch.h" />
    <ClInclude Include="src\Base\Event\Event.h" />
    <ClInclude Include="src\Base\Event\KeyEvent.h" />
  </ItemGroup>
  <ItemGroup>
    <ClCompile Include="src\Base\Application.cpp">
      <Filter>Core</Filter>
    </ClCompile>
    <ClCompile Include="src\Base\Log.cpp">
      <Filter>Core</Filter>
    </ClCompile>
    <ClCompile Include="src\wbpch.cpp" />
  </ItemGroup>
</Project>