<?xml version="1.0" encoding="utf-8"?>
<Project ToolsVersion="4.0" xmlns="http://schemas.microsoft.com/developer/msbuild/2003">
  <ItemGroup>
    <Filter Include="src">
      <UniqueIdentifier>{a976db69-4563-4dd9-aadc-750a991f3825}</UniqueIdentifier>
    </Filter>
  </ItemGroup>
  <ItemGroup>
    <ClInclude Include="src\Core\Application.h" />
    <ClInclude Include="src\Core\Core.h" />
    <ClInclude Include="src\Workbench.h" />
    <ClInclude Include="src\Core\Entrypoint.h" />
  </ItemGroup>
  <ItemGroup>
    <ClCompile Include="src\Core\Application.cpp" />
  </ItemGroup>
</Project>